// !$*UTF8*$!
{
	archiveVersion = 1;
	classes = {
	};
	objectVersion = 46;
	objects = {

/* Begin PBXBuildFile section */
		7492B02D18E0A90200711D57 /* Foundation.framework in Frameworks */ = {isa = PBXBuildFile; fileRef = 7492B02C18E0A90200711D57 /* Foundation.framework */; };
		7492B02F18E0A90200711D57 /* CoreGraphics.framework in Frameworks */ = {isa = PBXBuildFile; fileRef = 7492B02E18E0A90200711D57 /* CoreGraphics.framework */; };
		7492B03118E0A90200711D57 /* UIKit.framework in Frameworks */ = {isa = PBXBuildFile; fileRef = 7492B03018E0A90200711D57 /* UIKit.framework */; };
		7492B03718E0A90200711D57 /* InfoPlist.strings in Resources */ = {isa = PBXBuildFile; fileRef = 7492B03518E0A90200711D57 /* InfoPlist.strings */; };
		7492B03918E0A90200711D57 /* main.m in Sources */ = {isa = PBXBuildFile; fileRef = 7492B03818E0A90200711D57 /* main.m */; };
		7492B03D18E0A90200711D57 /* CCAppDelegate.m in Sources */ = {isa = PBXBuildFile; fileRef = 7492B03C18E0A90200711D57 /* CCAppDelegate.m */; };
		7492B04018E0A90200711D57 /* Main.storyboard in Resources */ = {isa = PBXBuildFile; fileRef = 7492B03E18E0A90200711D57 /* Main.storyboard */; };
		7492B04518E0A90200711D57 /* Images.xcassets in Resources */ = {isa = PBXBuildFile; fileRef = 7492B04418E0A90200711D57 /* Images.xcassets */; };
		7492B04C18E0A90200711D57 /* XCTest.framework in Frameworks */ = {isa = PBXBuildFile; fileRef = 7492B04B18E0A90200711D57 /* XCTest.framework */; };
		7492B04D18E0A90200711D57 /* Foundation.framework in Frameworks */ = {isa = PBXBuildFile; fileRef = 7492B02C18E0A90200711D57 /* Foundation.framework */; };
		7492B04E18E0A90200711D57 /* UIKit.framework in Frameworks */ = {isa = PBXBuildFile; fileRef = 7492B03018E0A90200711D57 /* UIKit.framework */; };
		7492B05618E0A90200711D57 /* InfoPlist.strings in Resources */ = {isa = PBXBuildFile; fileRef = 7492B05418E0A90200711D57 /* InfoPlist.strings */; };
		7492B05818E0A90200711D57 /* UITableViewController_Challenge_SolutionTests.m in Sources */ = {isa = PBXBuildFile; fileRef = 7492B05718E0A90200711D57 /* UITableViewController_Challenge_SolutionTests.m */; };
		7492B06318E0B55700711D57 /* CCTableViewControllerChallenge.m in Sources */ = {isa = PBXBuildFile; fileRef = 7492B06218E0B55700711D57 /* CCTableViewControllerChallenge.m */; };
/* End PBXBuildFile section */

/* Begin PBXContainerItemProxy section */
		7492B04F18E0A90200711D57 /* PBXContainerItemProxy */ = {
			isa = PBXContainerItemProxy;
			containerPortal = 7492B02118E0A90200711D57 /* Project object */;
			proxyType = 1;
			remoteGlobalIDString = 7492B02818E0A90200711D57;
			remoteInfo = "UITableViewController Challenge Solution";
		};
/* End PBXContainerItemProxy section */

/* Begin PBXFileReference section */
		7492B02918E0A90200711D57 /* UITableViewController Challenge Solution.app */ = {isa = PBXFileReference; explicitFileType = wrapper.application; includeInIndex = 0; path = "UITableViewController Challenge Solution.app"; sourceTree = BUILT_PRODUCTS_DIR; };
		7492B02C18E0A90200711D57 /* Foundation.framework */ = {isa = PBXFileReference; lastKnownFileType = wrapper.framework; name = Foundation.framework; path = System/Library/Frameworks/Foundation.framework; sourceTree = SDKROOT; };
		7492B02E18E0A90200711D57 /* CoreGraphics.framework */ = {isa = PBXFileReference; lastKnownFileType = wrapper.framework; name = CoreGraphics.framework; path = System/Library/Frameworks/CoreGraphics.framework; sourceTree = SDKROOT; };
		7492B03018E0A90200711D57 /* UIKit.framework */ = {isa = PBXFileReference; lastKnownFileType = wrapper.framework; name = UIKit.framework; path = System/Library/Frameworks/UIKit.framework; sourceTree = SDKROOT; };
		7492B03418E0A90200711D57 /* UITableViewController Challenge Solution-Info.plist */ = {isa = PBXFileReference; lastKnownFileType = text.plist.xml; path = "UITableViewController Challenge Solution-Info.plist"; sourceTree = "<group>"; };
		7492B03618E0A90200711D57 /* en */ = {isa = PBXFileReference; lastKnownFileType = text.plist.strings; name = en; path = en.lproj/InfoPlist.strings; sourceTree = "<group>"; };
		7492B03818E0A90200711D57 /* main.m */ = {isa = PBXFileReference; lastKnownFileType = sourcecode.c.objc; path = main.m; sourceTree = "<group>"; };
		7492B03A18E0A90200711D57 /* UITableViewController Challenge Solution-Prefix.pch */ = {isa = PBXFileReference; lastKnownFileType = sourcecode.c.h; path = "UITableViewController Challenge Solution-Prefix.pch"; sourceTree = "<group>"; };
		7492B03B18E0A90200711D57 /* CCAppDelegate.h */ = {isa = PBXFileReference; lastKnownFileType = sourcecode.c.h; path = CCAppDelegate.h; sourceTree = "<group>"; };
		7492B03C18E0A90200711D57 /* CCAppDelegate.m */ = {isa = PBXFileReference; lastKnownFileType = sourcecode.c.objc; path = CCAppDelegate.m; sourceTree = "<group>"; };
		7492B03F18E0A90200711D57 /* Base */ = {isa = PBXFileReference; lastKnownFileType = file.storyboard; name = Base; path = Base.lproj/Main.storyboard; sourceTree = "<group>"; };
		7492B04418E0A90200711D57 /* Images.xcassets */ = {isa = PBXFileReference; lastKnownFileType = folder.assetcatalog; path = Images.xcassets; sourceTree = "<group>"; };
		7492B04A18E0A90200711D57 /* UITableViewController Challenge SolutionTests.xctest */ = {isa = PBXFileReference; explicitFileType = wrapper.cfbundle; includeInIndex = 0; path = "UITableViewController Challenge SolutionTests.xctest"; sourceTree = BUILT_PRODUCTS_DIR; };
		7492B04B18E0A90200711D57 /* XCTest.framework */ = {isa = PBXFileReference; lastKnownFileType = wrapper.framework; name = XCTest.framework; path = Library/Frameworks/XCTest.framework; sourceTree = DEVELOPER_DIR; };
		7492B05318E0A90200711D57 /* UITableViewController Challenge SolutionTests-Info.plist */ = {isa = PBXFileReference; lastKnownFileType = text.plist.xml; path = "UITableViewController Challenge SolutionTests-Info.plist"; sourceTree = "<group>"; };
		7492B05518E0A90200711D57 /* en */ = {isa = PBXFileReference; lastKnownFileType = text.plist.strings; name = en; path = en.lproj/InfoPlist.strings; sourceTree = "<group>"; };
		7492B05718E0A90200711D57 /* UITableViewController_Challenge_SolutionTests.m */ = {isa = PBXFileReference; lastKnownFileType = sourcecode.c.objc; path = UITableViewController_Challenge_SolutionTests.m; sourceTree = "<group>"; };
		7492B06118E0B55700711D57 /* CCTableViewControllerChallenge.h */ = {isa = PBXFileReference; fileEncoding = 4; lastKnownFileType = sourcecode.c.h; path = CCTableViewControllerChallenge.h; sourceTree = "<group>"; };
		7492B06218E0B55700711D57 /* CCTableViewControllerChallenge.m */ = {isa = PBXFileReference; fileEncoding = 4; lastKnownFileType = sourcecode.c.objc; path = CCTableViewControllerChallenge.m; sourceTree = "<group>"; };
/* End PBXFileReference section */

/* Begin PBXFrameworksBuildPhase section */
		7492B02618E0A90200711D57 /* Frameworks */ = {
			isa = PBXFrameworksBuildPhase;
			buildActionMask = 2147483647;
			files = (
				7492B02F18E0A90200711D57 /* CoreGraphics.framework in Frameworks */,
				7492B03118E0A90200711D57 /* UIKit.framework in Frameworks */,
				7492B02D18E0A90200711D57 /* Foundation.framework in Frameworks */,
			);
			runOnlyForDeploymentPostprocessing = 0;
		};
		7492B04718E0A90200711D57 /* Frameworks */ = {
			isa = PBXFrameworksBuildPhase;
			buildActionMask = 2147483647;
			files = (
				7492B04C18E0A90200711D57 /* XCTest.framework in Frameworks */,
				7492B04E18E0A90200711D57 /* UIKit.framework in Frameworks */,
				7492B04D18E0A90200711D57 /* Foundation.framework in Frameworks */,
			);
			runOnlyForDeploymentPostprocessing = 0;
		};
/* End PBXFrameworksBuildPhase section */

/* Begin PBXGroup section */
		7492B02018E0A90200711D57 = {
			isa = PBXGroup;
			children = (
				7492B03218E0A90200711D57 /* UITableViewController Challenge Solution */,
				7492B05118E0A90200711D57 /* UITableViewController Challenge SolutionTests */,
				7492B02B18E0A90200711D57 /* Frameworks */,
				7492B02A18E0A90200711D57 /* Products */,
			);
			sourceTree = "<group>";
		};
		7492B02A18E0A90200711D57 /* Products */ = {
			isa = PBXGroup;
			children = (
				7492B02918E0A90200711D57 /* UITableViewController Challenge Solution.app */,
				7492B04A18E0A90200711D57 /* UITableViewController Challenge SolutionTests.xctest */,
			);
			name = Products;
			sourceTree = "<group>";
		};
		7492B02B18E0A90200711D57 /* Frameworks */ = {
			isa = PBXGroup;
			children = (
				7492B02C18E0A90200711D57 /* Foundation.framework */,
				7492B02E18E0A90200711D57 /* CoreGraphics.framework */,
				7492B03018E0A90200711D57 /* UIKit.framework */,
				7492B04B18E0A90200711D57 /* XCTest.framework */,
			);
			name = Frameworks;
			sourceTree = "<group>";
		};
		7492B03218E0A90200711D57 /* UITableViewController Challenge Solution */ = {
			isa = PBXGroup;
			children = (
				7492B03B18E0A90200711D57 /* CCAppDelegate.h */,
				7492B03C18E0A90200711D57 /* CCAppDelegate.m */,
				7492B03E18E0A90200711D57 /* Main.storyboard */,
				7492B06118E0B55700711D57 /* CCTableViewControllerChallenge.h */,
				7492B06218E0B55700711D57 /* CCTableViewControllerChallenge.m */,
				7492B04418E0A90200711D57 /* Images.xcassets */,
				7492B03318E0A90200711D57 /* Supporting Files */,
			);
			path = "UITableViewController Challenge Solution";
			sourceTree = "<group>";
		};
		7492B03318E0A90200711D57 /* Supporting Files */ = {
			isa = PBXGroup;
			children = (
				7492B03418E0A90200711D57 /* UITableViewController Challenge Solution-Info.plist */,
				7492B03518E0A90200711D57 /* InfoPlist.strings */,
				7492B03818E0A90200711D57 /* main.m */,
				7492B03A18E0A90200711D57 /* UITableViewController Challenge Solution-Prefix.pch */,
			);
			name = "Supporting Files";
			sourceTree = "<group>";
		};
		7492B05118E0A90200711D57 /* UITableViewController Challenge SolutionTests */ = {
			isa = PBXGroup;
			children = (
				7492B05718E0A90200711D57 /* UITableViewController_Challenge_SolutionTests.m */,
				7492B05218E0A90200711D57 /* Supporting Files */,
			);
			path = "UITableViewController Challenge SolutionTests";
			sourceTree = "<group>";
		};
		7492B05218E0A90200711D57 /* Supporting Files */ = {
			isa = PBXGroup;
			children = (
				7492B05318E0A90200711D57 /* UITableViewController Challenge SolutionTests-Info.plist */,
				7492B05418E0A90200711D57 /* InfoPlist.strings */,
			);
			name = "Supporting Files";
			sourceTree = "<group>";
		};
/* End PBXGroup section */

/* Begin PBXNativeTarget section */
		7492B02818E0A90200711D57 /* UITableViewController Challenge Solution */ = {
			isa = PBXNativeTarget;
			buildConfigurationList = 7492B05B18E0A90200711D57 /* Build configuration list for PBXNativeTarget "UITableViewController Challenge Solution" */;
			buildPhases = (
				7492B02518E0A90200711D57 /* Sources */,
				7492B02618E0A90200711D57 /* Frameworks */,
				7492B02718E0A90200711D57 /* Resources */,
			);
			buildRules = (
			);
			dependencies = (
			);
			name = "UITableViewController Challenge Solution";
			productName = "UITableViewController Challenge Solution";
			productReference = 7492B02918E0A90200711D57 /* UITableViewController Challenge Solution.app */;
			productType = "com.apple.product-type.application";
		};
		7492B04918E0A90200711D57 /* UITableViewController Challenge SolutionTests */ = {
			isa = PBXNativeTarget;
			buildConfigurationList = 7492B05E18E0A90200711D57 /* Build configuration list for PBXNativeTarget "UITableViewController Challenge SolutionTests" */;
			buildPhases = (
				7492B04618E0A90200711D57 /* Sources */,
				7492B04718E0A90200711D57 /* Frameworks */,
				7492B04818E0A90200711D57 /* Resources */,
			);
			buildRules = (
			);
			dependencies = (
				7492B05018E0A90200711D57 /* PBXTargetDependency */,
			);
			name = "UITableViewController Challenge SolutionTests";
			productName = "UITableViewController Challenge SolutionTests";
			productReference = 7492B04A18E0A90200711D57 /* UITableViewController Challenge SolutionTests.xctest */;
			productType = "com.apple.product-type.bundle.unit-test";
		};
/* End PBXNativeTarget section */

/* Begin PBXProject section */
		7492B02118E0A90200711D57 /* Project object */ = {
			isa = PBXProject;
			attributes = {
				CLASSPREFIX = CC;
				LastUpgradeCheck = 0510;
				ORGANIZATIONNAME = "Code Coalition";
				TargetAttributes = {
					7492B04918E0A90200711D57 = {
						TestTargetID = 7492B02818E0A90200711D57;
					};
				};
			};
			buildConfigurationList = 7492B02418E0A90200711D57 /* Build configuration list for PBXProject "UITableViewController Challenge Solution" */;
			compatibilityVersion = "Xcode 3.2";
			developmentRegion = English;
			hasScannedForEncodings = 0;
			knownRegions = (
				en,
				Base,
			);
			mainGroup = 7492B02018E0A90200711D57;
			productRefGroup = 7492B02A18E0A90200711D57 /* Products */;
			projectDirPath = "";
			projectRoot = "";
			targets = (
				7492B02818E0A90200711D57 /* UITableViewController Challenge Solution */,
				7492B04918E0A90200711D57 /* UITableViewController Challenge SolutionTests */,
			);
		};
/* End PBXProject section */

/* Begin PBXResourcesBuildPhase section */
		7492B02718E0A90200711D57 /* Resources */ = {
			isa = PBXResourcesBuildPhase;
			buildActionMask = 2147483647;
			files = (
				7492B04518E0A90200711D57 /* Images.xcassets in Resources */,
				7492B03718E0A90200711D57 /* InfoPlist.strings in Resources */,
				7492B04018E0A90200711D57 /* Main.storyboard in Resources */,
			);
			runOnlyForDeploymentPostprocessing = 0;
		};
		7492B04818E0A90200711D57 /* Resources */ = {
			isa = PBXResourcesBuildPhase;
			buildActionMask = 2147483647;
			files = (
				7492B05618E0A90200711D57 /* InfoPlist.strings in Resources */,
			);
			runOnlyForDeploymentPostprocessing = 0;
		};
/* End PBXResourcesBuildPhase section */

/* Begin PBXSourcesBuildPhase section */
		7492B02518E0A90200711D57 /* Sources */ = {
			isa = PBXSourcesBuildPhase;
			buildActionMask = 2147483647;
			files = (
				7492B03D18E0A90200711D57 /* CCAppDelegate.m in Sources */,
				7492B03918E0A90200711D57 /* main.m in Sources */,
				7492B06318E0B55700711D57 /* CCTableViewControllerChallenge.m in Sources */,
			);
			runOnlyForDeploymentPostprocessing = 0;
		};
		7492B04618E0A90200711D57 /* Sources */ = {
			isa = PBXSourcesBuildPhase;
			buildActionMask = 2147483647;
			files = (
				7492B05818E0A90200711D57 /* UITableViewController_Challenge_SolutionTests.m in Sources */,
			);
			runOnlyForDeploymentPostprocessing = 0;
		};
/* End PBXSourcesBuildPhase section */

/* Begin PBXTargetDependency section */
		7492B05018E0A90200711D57 /* PBXTargetDependency */ = {
			isa = PBXTargetDependency;
			target = 7492B02818E0A90200711D57 /* UITableViewController Challenge Solution */;
			targetProxy = 7492B04F18E0A90200711D57 /* PBXContainerItemProxy */;
		};
/* End PBXTargetDependency section */

/* Begin PBXVariantGroup section */
		7492B03518E0A90200711D57 /* InfoPlist.strings */ = {
			isa = PBXVariantGroup;
			children = (
				7492B03618E0A90200711D57 /* en */,
			);
			name = InfoPlist.strings;
			sourceTree = "<group>";
		};
		7492B03E18E0A90200711D57 /* Main.storyboard */ = {
			isa = PBXVariantGroup;
			children = (
				7492B03F18E0A90200711D57 /* Base */,
			);
			name = Main.storyboard;
			sourceTree = "<group>";
		};
		7492B05418E0A90200711D57 /* InfoPlist.strings */ = {
			isa = PBXVariantGroup;
			children = (
				7492B05518E0A90200711D57 /* en */,
			);
			name = InfoPlist.strings;
			sourceTree = "<group>";
		};
/* End PBXVariantGroup section */

/* Begin XCBuildConfiguration section */
		7492B05918E0A90200711D57 /* Debug */ = {
			isa = XCBuildConfiguration;
			buildSettings = {
				ALWAYS_SEARCH_USER_PATHS = NO;
				CLANG_CXX_LANGUAGE_STANDARD = "gnu++0x";
				CLANG_CXX_LIBRARY = "libc++";
				CLANG_ENABLE_MODULES = YES;
				CLANG_ENABLE_OBJC_ARC = YES;
				CLANG_WARN_BOOL_CONVERSION = YES;
				CLANG_WARN_CONSTANT_CONVERSION = YES;
				CLANG_WARN_DIRECT_OBJC_ISA_USAGE = YES_ERROR;
				CLANG_WARN_EMPTY_BODY = YES;
				CLANG_WARN_ENUM_CONVERSION = YES;
				CLANG_WARN_INT_CONVERSION = YES;
				CLANG_WARN_OBJC_ROOT_CLASS = YES_ERROR;
				CLANG_WARN__DUPLICATE_METHOD_MATCH = YES;
				"CODE_SIGN_IDENTITY[sdk=iphoneos*]" = "iPhone Developer";
				COPY_PHASE_STRIP = NO;
				GCC_C_LANGUAGE_STANDARD = gnu99;
				GCC_DYNAMIC_NO_PIC = NO;
				GCC_OPTIMIZATION_LEVEL = 0;
				GCC_PREPROCESSOR_DEFINITIONS = (
					"DEBUG=1",
					"$(inherited)",
				);
				GCC_SYMBOLS_PRIVATE_EXTERN = NO;
				GCC_WARN_64_TO_32_BIT_CONVERSION = YES;
				GCC_WARN_ABOUT_RETURN_TYPE = YES_ERROR;
				GCC_WARN_UNDECLARED_SELECTOR = YES;
				GCC_WARN_UNINITIALIZED_AUTOS = YES_AGGRESSIVE;
				GCC_WARN_UNUSED_FUNCTION = YES;
				GCC_WARN_UNUSED_VARIABLE = YES;
				IPHONEOS_DEPLOYMENT_TARGET = 7.1;
				ONLY_ACTIVE_ARCH = YES;
				SDKROOT = iphoneos;
			};
			name = Debug;
		};
		7492B05A18E0A90200711D57 /* Release */ = {
			isa = XCBuildConfiguration;
			buildSettings = {
				ALWAYS_SEARCH_USER_PATHS = NO;
				CLANG_CXX_LANGUAGE_STANDARD = "gnu++0x";
				CLANG_CXX_LIBRARY = "libc++";
				CLANG_ENABLE_MODULES = YES;
				CLANG_ENABLE_OBJC_ARC = YES;
				CLANG_WARN_BOOL_CONVERSION = YES;
				CLANG_WARN_CONSTANT_CONVERSION = YES;
				CLANG_WARN_DIRECT_OBJC_ISA_USAGE = YES_ERROR;
				CLANG_WARN_EMPTY_BODY = YES;
				CLANG_WARN_ENUM_CONVERSION = YES;
				CLANG_WARN_INT_CONVERSION = YES;
				CLANG_WARN_OBJC_ROOT_CLASS = YES_ERROR;
				CLANG_WARN__DUPLICATE_METHOD_MATCH = YES;
				"CODE_SIGN_IDENTITY[sdk=iphoneos*]" = "iPhone Developer";
				COPY_PHASE_STRIP = YES;
				ENABLE_NS_ASSERTIONS = NO;
				GCC_C_LANGUAGE_STANDARD = gnu99;
				GCC_WARN_64_TO_32_BIT_CONVERSION = YES;
				GCC_WARN_ABOUT_RETURN_TYPE = YES_ERROR;
				GCC_WARN_UNDECLARED_SELECTOR = YES;
				GCC_WARN_UNINITIALIZED_AUTOS = YES_AGGRESSIVE;
				GCC_WARN_UNUSED_FUNCTION = YES;
				GCC_WARN_UNUSED_VARIABLE = YES;
				IPHONEOS_DEPLOYMENT_TARGET = 7.1;
				SDKROOT = iphoneos;
				VALIDATE_PRODUCT = YES;
			};
			name = Release;
		};
		7492B05C18E0A90200711D57 /* Debug */ = {
			isa = XCBuildConfiguration;
			buildSettings = {
				ASSETCATALOG_COMPILER_APPICON_NAME = AppIcon;
				ASSETCATALOG_COMPILER_LAUNCHIMAGE_NAME = LaunchImage;
				GCC_PRECOMPILE_PREFIX_HEADER = YES;
				GCC_PREFIX_HEADER = "UITableViewController Challenge Solution/UITableViewController Challenge Solution-Prefix.pch";
				INFOPLIST_FILE = "UITableViewController Challenge Solution/UITableViewController Challenge Solution-Info.plist";
				PRODUCT_NAME = "$(TARGET_NAME)";
				WRAPPER_EXTENSION = app;
			};
			name = Debug;
		};
		7492B05D18E0A90200711D57 /* Release */ = {
			isa = XCBuildConfiguration;
			buildSettings = {
				ASSETCATALOG_COMPILER_APPICON_NAME = AppIcon;
				ASSETCATALOG_COMPILER_LAUNCHIMAGE_NAME = LaunchImage;
				GCC_PRECOMPILE_PREFIX_HEADER = YES;
				GCC_PREFIX_HEADER = "UITableViewController Challenge Solution/UITableViewController Challenge Solution-Prefix.pch";
				INFOPLIST_FILE = "UITableViewController Challenge Solution/UITableViewController Challenge Solution-Info.plist";
				PRODUCT_NAME = "$(TARGET_NAME)";
				WRAPPER_EXTENSION = app;
			};
			name = Release;
		};
		7492B05F18E0A90200711D57 /* Debug */ = {
			isa = XCBuildConfiguration;
			buildSettings = {
				BUNDLE_LOADER = "$(BUILT_PRODUCTS_DIR)/UITableViewController Challenge Solution.app/UITableViewController Challenge Solution";
				FRAMEWORK_SEARCH_PATHS = (
					"$(SDKROOT)/Developer/Library/Frameworks",
					"$(inherited)",
					"$(DEVELOPER_FRAMEWORKS_DIR)",
				);
				GCC_PRECOMPILE_PREFIX_HEADER = YES;
				GCC_PREFIX_HEADER = "UITableViewController Challenge Solution/UITableViewController Challenge Solution-Prefix.pch";
				GCC_PREPROCESSOR_DEFINITIONS = (
					"DEBUG=1",
					"$(inherited)",
				);
				INFOPLIST_FILE = "UITableViewController Challenge SolutionTests/UITableViewController Challenge SolutionTests-Info.plist";
				PRODUCT_NAME = "$(TARGET_NAME)";
				TEST_HOST = "$(BUNDLE_LOADER)";
				WRAPPER_EXTENSION = xctest;
			};
			name = Debug;
		};
		7492B06018E0A90200711D57 /* Release */ = {
			isa = XCBuildConfiguration;
			buildSettings = {
				BUNDLE_LOADER = "$(BUILT_PRODUCTS_DIR)/UITableViewController Challenge Solution.app/UITableViewController Challenge Solution";
				FRAMEWORK_SEARCH_PATHS = (
					"$(SDKROOT)/Developer/Library/Frameworks",
					"$(inherited)",
					"$(DEVELOPER_FRAMEWORKS_DIR)",
				);
				GCC_PRECOMPILE_PREFIX_HEADER = YES;
				GCC_PREFIX_HEADER = "UITableViewController Challenge Solution/UITableViewController Challenge Solution-Prefix.pch";
				INFOPLIST_FILE = "UITableViewController Challenge SolutionTests/UITableViewController Challenge SolutionTests-Info.plist";
				PRODUCT_NAME = "$(TARGET_NAME)";
				TEST_HOST = "$(BUNDLE_LOADER)";
				WRAPPER_EXTENSION = xctest;
			};
			name = Release;
		};
/* End XCBuildConfiguration section */

/* Begin XCConfigurationList section */
		7492B02418E0A90200711D57 /* Build configuration list for PBXProject "UITableViewController Challenge Solution" */ = {
			isa = XCConfigurationList;
			buildConfigurations = (
				7492B05918E0A90200711D57 /* Debug */,
				7492B05A18E0A90200711D57 /* Release */,
			);
			defaultConfigurationIsVisible = 0;
			defaultConfigurationName = Release;
		};
		7492B05B18E0A90200711D57 /* Build configuration list for PBXNativeTarget "UITableViewController Challenge Solution" */ = {
			isa = XCConfigurationList;
			buildConfigurations = (
				7492B05C18E0A90200711D57 /* Debug */,
				7492B05D18E0A90200711D57 /* Release */,
			);
			defaultConfigurationIsVisible = 0;
		};
		7492B05E18E0A90200711D57 /* Build configuration list for PBXNativeTarget "UITableViewController Challenge SolutionTests" */ = {
			isa = XCConfigurationList;
			buildConfigurations = (
				7492B05F18E0A90200711D57 /* Debug */,
				7492B06018E0A90200711D57 /* Release */,
			);
			defaultConfigurationIsVisible = 0;
		};
/* End XCConfigurationList section */
	};
	rootObject = 7492B02118E0A90200711D57 /* Project object */;
}
